
Microsoft Visual Studio Solution File, Format Version 12.00
# Visual Studio 15
Project("{FAE04EC0-301F-11D3-BF4B-00C04F79EFBC}") = "Assembly-CSharp", "Assembly-CSharp.csproj", "{79444BC4-5431-98FB-9E4D-B3F96D250B2E}"
EndProject
Project("{FAE04EC0-301F-11D3-BF4B-00C04F79EFBC}") = "Oculus.VR", "Oculus.VR.csproj", "{F4F09A58-B689-5EC7-3B28-D1CD7EBF1FAD}"
EndProject
Project("{FAE04EC0-301F-11D3-BF4B-00C04F79EFBC}") = "Assembly-CSharp-firstpass", "Assembly-CSharp-firstpass.csproj", "{7083437A-98E1-6FA3-563D-5ABCF6FEFCBC}"
EndProject
Project("{FAE04EC0-301F-11D3-BF4B-00C04F79EFBC}") = "Assembly-CSharp-Editor-firstpass", "Assembly-CSharp-Editor-firstpass.csproj", "{717B6A2A-B3D8-CF8D-39F9-D098969D4580}"
EndProject
Project("{FAE04EC0-301F-11D3-BF4B-00C04F79EFBC}") = "Assembly-CSharp-Editor", "Assembly-CSharp-Editor.csproj", "{6DA9AB7D-DEBE-379F-A32E-8DCC5D2650BB}"
EndProject
Project("{FAE04EC0-301F-11D3-BF4B-00C04F79EFBC}") = "Oculus.VR.Scripts.Editor", "Oculus.VR.Scripts.Editor.csproj", "{E6221DE8-53C6-1199-FD99-6ABA3EAD532E}"
EndProject
Project("{FAE04EC0-301F-11D3-BF4B-00C04F79EFBC}") = "Oculus.VR.Editor", "Oculus.VR.Editor.csproj", "{FC13071F-EB11-73AE-7BD0-04B9513CE2FB}"
EndProject
Global
	GlobalSection(SolutionConfigurationPlatforms) = preSolution
		Debug|Any CPU = Debug|Any CPU
		Release|Any CPU = Release|Any CPU
	EndGlobalSection
	GlobalSection(ProjectConfigurationPlatforms) = postSolution
		{79444BC4-5431-98FB-9E4D-B3F96D250B2E}.Debug|Any CPU.ActiveCfg = Debug|Any CPU
		{79444BC4-5431-98FB-9E4D-B3F96D250B2E}.Debug|Any CPU.Build.0 = Debug|Any CPU
		{79444BC4-5431-98FB-9E4D-B3F96D250B2E}.Release|Any CPU.ActiveCfg = Release|Any CPU
		{79444BC4-5431-98FB-9E4D-B3F96D250B2E}.Release|Any CPU.Build.0 = Release|Any CPU
		{F4F09A58-B689-5EC7-3B28-D1CD7EBF1FAD}.Debug|Any CPU.ActiveCfg = Debug|Any CPU
		{F4F09A58-B689-5EC7-3B28-D1CD7EBF1FAD}.Debug|Any CPU.Build.0 = Debug|Any CPU
		{F4F09A58-B689-5EC7-3B28-D1CD7EBF1FAD}.Release|Any CPU.ActiveCfg = Release|Any CPU
		{F4F09A58-B689-5EC7-3B28-D1CD7EBF1FAD}.Release|Any CPU.Build.0 = Release|Any CPU
		{7083437A-98E1-6FA3-563D-5ABCF6FEFCBC}.Debug|Any CPU.ActiveCfg = Debug|Any CPU
		{7083437A-98E1-6FA3-563D-5ABCF6FEFCBC}.Debug|Any CPU.Build.0 = Debug|Any CPU
		{7083437A-98E1-6FA3-563D-5ABCF6FEFCBC}.Release|Any CPU.ActiveCfg = Release|Any CPU
		{7083437A-98E1-6FA3-563D-5ABCF6FEFCBC}.Release|Any CPU.Build.0 = Release|Any CPU
		{717B6A2A-B3D8-CF8D-39F9-D098969D4580}.Debug|Any CPU.ActiveCfg = Debug|Any CPU
		{717B6A2A-B3D8-CF8D-39F9-D098969D4580}.Debug|Any CPU.Build.0 = Debug|Any CPU
		{717B6A2A-B3D8-CF8D-39F9-D098969D4580}.Release|Any CPU.ActiveCfg = Release|Any CPU
		{717B6A2A-B3D8-CF8D-39F9-D098969D4580}.Release|Any CPU.Build.0 = Release|Any CPU
		{6DA9AB7D-DEBE-379F-A32E-8DCC5D2650BB}.Debug|Any CPU.ActiveCfg = Debug|Any CPU
		{6DA9AB7D-DEBE-379F-A32E-8DCC5D2650BB}.Debug|Any CPU.Build.0 = Debug|Any CPU
		{6DA9AB7D-DEBE-379F-A32E-8DCC5D2650BB}.Release|Any CPU.ActiveCfg = Release|Any CPU
		{6DA9AB7D-DEBE-379F-A32E-8DCC5D2650BB}.Release|Any CPU.Build.0 = Release|Any CPU
		{E6221DE8-53C6-1199-FD99-6ABA3EAD532E}.Debug|Any CPU.ActiveCfg = Debug|Any CPU
		{E6221DE8-53C6-1199-FD99-6ABA3EAD532E}.Debug|Any CPU.Build.0 = Debug|Any CPU
		{E6221DE8-53C6-1199-FD99-6ABA3EAD532E}.Release|Any CPU.ActiveCfg = Release|Any CPU
		{E6221DE8-53C6-1199-FD99-6ABA3EAD532E}.Release|Any CPU.Build.0 = Release|Any CPU
		{FC13071F-EB11-73AE-7BD0-04B9513CE2FB}.Debug|Any CPU.ActiveCfg = Debug|Any CPU
		{FC13071F-EB11-73AE-7BD0-04B9513CE2FB}.Debug|Any CPU.Build.0 = Debug|Any CPU
		{FC13071F-EB11-73AE-7BD0-04B9513CE2FB}.Release|Any CPU.ActiveCfg = Release|Any CPU
		{FC13071F-EB11-73AE-7BD0-04B9513CE2FB}.Release|Any CPU.Build.0 = Release|Any CPU
	EndGlobalSection
	GlobalSection(SolutionProperties) = preSolution
		HideSolutionNode = FALSE
	EndGlobalSection
EndGlobal
